
Microsoft Visual Studio Solution File, Format Version 12.00
# Visual Studio Version 17
VisualStudioVersion = 17.5.33502.453
MinimumVisualStudioVersion = 10.0.40219.1
Project("{9A19103F-16F7-4668-BE54-9A1E7A4F7556}") = "Lexicom.Concentrate.Wpf.Controls", "Lexicom.Concentrate.Wpf.Controls\Lexicom.Concentrate.Wpf.Controls.csproj", "{4E29B4D0-52D6-45DA-AED6-947D13D7AEE0}"
EndProject
Project("{2150E333-8FDC-42A3-9474-1A3956D46DE8}") = "Wpf", "Wpf", "{70E736F4-A0DE-47DC-8653-3DB24627709C}"
EndProject
Project("{2150E333-8FDC-42A3-9474-1A3956D46DE8}") = "Client", "Client", "{5B09E073-47C9-4708-A160-354F9E32E611}"
EndProject
Project("{9A19103F-16F7-4668-BE54-9A1E7A4F7556}") = "Lexicom.Concentrate.Wpf.Themes", "Lexicom.Concentrate.Wpf.Themes\Lexicom.Concentrate.Wpf.Themes.csproj", "{ECE8A1E4-0AEA-4EA7-9CF0-F8616E06767F}"
EndProject
Project("{9A19103F-16F7-4668-BE54-9A1E7A4F7556}") = "Lexicom.Concentrate.Wpf.Themes.Abstractions", "Lexicom.Concentrate.Wpf.Themes.Abstractions\Lexicom.Concentrate.Wpf.Themes.Abstractions.csproj", "{81087A07-7DDD-4A0A-8238-9FB0E3EC9A41}"
EndProject
Project("{2150E333-8FDC-42A3-9474-1A3956D46DE8}") = "Supports", "Supports", "{4E606032-2B65-417B-A2F8-EA035F09F938}"
EndProject
Project("{9A19103F-16F7-4668-BE54-9A1E7A4F7556}") = "Lexicom.Concentrate.Supports.AspNetCore.Controllers", "Lexicom.Concentrate.Supports.AspNetCore.Controllers\Lexicom.Concentrate.Supports.AspNetCore.Controllers.csproj", "{8E716640-0EBB-4D9F-95E2-6E8D9D587104}"
EndProject
Project("{9A19103F-16F7-4668-BE54-9A1E7A4F7556}") = "Lexicom.Concentrate.Supports.Blazor.WebAssembly", "Lexicom.Concentrate.Supports.Blazor.WebAssembly\Lexicom.Concentrate.Supports.Blazor.WebAssembly.csproj", "{6E616A76-6DC9-453D-A3C9-B7DCAA4D7602}"
EndProject
Project("{9A19103F-16F7-4668-BE54-9A1E7A4F7556}") = "Lexicom.Concentrate.Supports.ConsoleApp", "Lexicom.Concentrate.Supports.ConsoleApp\Lexicom.Concentrate.Supports.ConsoleApp.csproj", "{DDAF9F67-F5CA-4AF4-84DC-404FCD1EF58F}"
EndProject
Project("{9A19103F-16F7-4668-BE54-9A1E7A4F7556}") = "Lexicom.Concentrate.Supports.Wpf", "Lexicom.Concentrate.Supports.Wpf\Lexicom.Concentrate.Supports.Wpf.csproj", "{B897E540-4118-4F5E-8F8B-9069E4E2B519}"
EndProject
Project("{9A19103F-16F7-4668-BE54-9A1E7A4F7556}") = "Lexicom.Concentrate.Wpf.Amenities", "Lexicom.Concentrate.Wpf.Amenities\Lexicom.Concentrate.Wpf.Amenities.csproj", "{71C71CC9-8939-4246-87A1-9053B8A931B1}"
EndProject
Project("{9A19103F-16F7-4668-BE54-9A1E7A4F7556}") = "Lexicom.Concentrate.Wpf.Amenities.Abstractions", "Lexicom.Concentrate.Wpf.Amenities.Abstractions\Lexicom.Concentrate.Wpf.Amenities.Abstractions.csproj", "{0A4C4162-5BFF-46E6-B099-0E33C489E528}"
EndProject
Project("{9A19103F-16F7-4668-BE54-9A1E7A4F7556}") = "Lexicom.Concentrate.Client.Authentication", "Lexicom.Concentrate.Client.Authentication\Lexicom.Concentrate.Client.Authentication.csproj", "{71CDFCB9-70AB-4B9E-BCED-06F8B266E9FD}"
EndProject
Project("{9A19103F-16F7-4668-BE54-9A1E7A4F7556}") = "Lexicom.Concentrate.Client.Authentication.For.Wpf", "Lexicom.Concentrate.Client.Authentication.For.Wpf\Lexicom.Concentrate.Client.Authentication.For.Wpf.csproj", "{9CADB287-4877-4263-89F6-74AAF4D0B647}"
EndProject
Project("{2150E333-8FDC-42A3-9474-1A3956D46DE8}") = ".github", ".github", "{DE5EBE31-F8AA-4A5A-8941-CA81FA191C74}"
EndProject
Project("{2150E333-8FDC-42A3-9474-1A3956D46DE8}") = "workflows", "workflows", "{703B7EA7-4900-4AAE-BDAC-6E090FCD061A}"
	ProjectSection(SolutionItems) = preProject
		.github\workflows\dotnet6.yml = .github\workflows\dotnet6.yml
	EndProjectSection
EndProject
Project("{2150E333-8FDC-42A3-9474-1A3956D46DE8}") = ".repo", ".repo", "{142A0BDB-15E1-429B-8D5C-4910B46C8D93}"
	ProjectSection(SolutionItems) = preProject
		.gitattributes = .gitattributes
		.gitignore = .gitignore
		LICENSE.txt = LICENSE.txt
	EndProjectSection
EndProject
Project("{2150E333-8FDC-42A3-9474-1A3956D46DE8}") = ".images", ".images", "{C37A60C7-39B9-4C43-9363-24971DC57F8E}"
	ProjectSection(SolutionItems) = preProject
		lexicom.concentrate.nuget.icon.png = lexicom.concentrate.nuget.icon.png
	EndProjectSection
EndProject
Global
	GlobalSection(SolutionConfigurationPlatforms) = preSolution
		Debug|Any CPU = Debug|Any CPU
		Release|Any CPU = Release|Any CPU
	EndGlobalSection
	GlobalSection(ProjectConfigurationPlatforms) = postSolution
		{4E29B4D0-52D6-45DA-AED6-947D13D7AEE0}.Debug|Any CPU.ActiveCfg = Debug|Any CPU
		{4E29B4D0-52D6-45DA-AED6-947D13D7AEE0}.Debug|Any CPU.Build.0 = Debug|Any CPU
		{4E29B4D0-52D6-45DA-AED6-947D13D7AEE0}.Release|Any CPU.ActiveCfg = Release|Any CPU
		{4E29B4D0-52D6-45DA-AED6-947D13D7AEE0}.Release|Any CPU.Build.0 = Release|Any CPU
		{ECE8A1E4-0AEA-4EA7-9CF0-F8616E06767F}.Debug|Any CPU.ActiveCfg = Debug|Any CPU
		{ECE8A1E4-0AEA-4EA7-9CF0-F8616E06767F}.Debug|Any CPU.Build.0 = Debug|Any CPU
		{ECE8A1E4-0AEA-4EA7-9CF0-F8616E06767F}.Release|Any CPU.ActiveCfg = Release|Any CPU
		{ECE8A1E4-0AEA-4EA7-9CF0-F8616E06767F}.Release|Any CPU.Build.0 = Release|Any CPU
		{81087A07-7DDD-4A0A-8238-9FB0E3EC9A41}.Debug|Any CPU.ActiveCfg = Debug|Any CPU
		{81087A07-7DDD-4A0A-8238-9FB0E3EC9A41}.Debug|Any CPU.Build.0 = Debug|Any CPU
		{81087A07-7DDD-4A0A-8238-9FB0E3EC9A41}.Release|Any CPU.ActiveCfg = Release|Any CPU
		{81087A07-7DDD-4A0A-8238-9FB0E3EC9A41}.Release|Any CPU.Build.0 = Release|Any CPU
		{8E716640-0EBB-4D9F-95E2-6E8D9D587104}.Debug|Any CPU.ActiveCfg = Debug|Any CPU
		{8E716640-0EBB-4D9F-95E2-6E8D9D587104}.Debug|Any CPU.Build.0 = Debug|Any CPU
		{8E716640-0EBB-4D9F-95E2-6E8D9D587104}.Release|Any CPU.ActiveCfg = Release|Any CPU
		{8E716640-0EBB-4D9F-95E2-6E8D9D587104}.Release|Any CPU.Build.0 = Release|Any CPU
		{6E616A76-6DC9-453D-A3C9-B7DCAA4D7602}.Debug|Any CPU.ActiveCfg = Debug|Any CPU
		{6E616A76-6DC9-453D-A3C9-B7DCAA4D7602}.Debug|Any CPU.Build.0 = Debug|Any CPU
		{6E616A76-6DC9-453D-A3C9-B7DCAA4D7602}.Release|Any CPU.ActiveCfg = Release|Any CPU
		{6E616A76-6DC9-453D-A3C9-B7DCAA4D7602}.Release|Any CPU.Build.0 = Release|Any CPU
		{DDAF9F67-F5CA-4AF4-84DC-404FCD1EF58F}.Debug|Any CPU.ActiveCfg = Debug|Any CPU
		{DDAF9F67-F5CA-4AF4-84DC-404FCD1EF58F}.Debug|Any CPU.Build.0 = Debug|Any CPU
		{DDAF9F67-F5CA-4AF4-84DC-404FCD1EF58F}.Release|Any CPU.ActiveCfg = Release|Any CPU
		{DDAF9F67-F5CA-4AF4-84DC-404FCD1EF58F}.Release|Any CPU.Build.0 = Release|Any CPU
		{B897E540-4118-4F5E-8F8B-9069E4E2B519}.Debug|Any CPU.ActiveCfg = Debug|Any CPU
		{B897E540-4118-4F5E-8F8B-9069E4E2B519}.Debug|Any CPU.Build.0 = Debug|Any CPU
		{B897E540-4118-4F5E-8F8B-9069E4E2B519}.Release|Any CPU.ActiveCfg = Release|Any CPU
		{B897E540-4118-4F5E-8F8B-9069E4E2B519}.Release|Any CPU.Build.0 = Release|Any CPU
		{71C71CC9-8939-4246-87A1-9053B8A931B1}.Debug|Any CPU.ActiveCfg = Debug|Any CPU
		{71C71CC9-8939-4246-87A1-9053B8A931B1}.Debug|Any CPU.Build.0 = Debug|Any CPU
		{71C71CC9-8939-4246-87A1-9053B8A931B1}.Release|Any CPU.ActiveCfg = Release|Any CPU
		{71C71CC9-8939-4246-87A1-9053B8A931B1}.Release|Any CPU.Build.0 = Release|Any CPU
		{0A4C4162-5BFF-46E6-B099-0E33C489E528}.Debug|Any CPU.ActiveCfg = Debug|Any CPU
		{0A4C4162-5BFF-46E6-B099-0E33C489E528}.Debug|Any CPU.Build.0 = Debug|Any CPU
		{0A4C4162-5BFF-46E6-B099-0E33C489E528}.Release|Any CPU.ActiveCfg = Release|Any CPU
		{0A4C4162-5BFF-46E6-B099-0E33C489E528}.Release|Any CPU.Build.0 = Release|Any CPU
		{71CDFCB9-70AB-4B9E-BCED-06F8B266E9FD}.Debug|Any CPU.ActiveCfg = Debug|Any CPU
		{71CDFCB9-70AB-4B9E-BCED-06F8B266E9FD}.Debug|Any CPU.Build.0 = Debug|Any CPU
		{71CDFCB9-70AB-4B9E-BCED-06F8B266E9FD}.Release|Any CPU.ActiveCfg = Release|Any CPU
		{71CDFCB9-70AB-4B9E-BCED-06F8B266E9FD}.Release|Any CPU.Build.0 = Release|Any CPU
		{9CADB287-4877-4263-89F6-74AAF4D0B647}.Debug|Any CPU.ActiveCfg = Debug|Any CPU
		{9CADB287-4877-4263-89F6-74AAF4D0B647}.Debug|Any CPU.Build.0 = Debug|Any CPU
		{9CADB287-4877-4263-89F6-74AAF4D0B647}.Release|Any CPU.ActiveCfg = Release|Any CPU
		{9CADB287-4877-4263-89F6-74AAF4D0B647}.Release|Any CPU.Build.0 = Release|Any CPU
	EndGlobalSection
	GlobalSection(SolutionProperties) = preSolution
		HideSolutionNode = FALSE
	EndGlobalSection
	GlobalSection(NestedProjects) = preSolution
		{4E29B4D0-52D6-45DA-AED6-947D13D7AEE0} = {70E736F4-A0DE-47DC-8653-3DB24627709C}
		{ECE8A1E4-0AEA-4EA7-9CF0-F8616E06767F} = {70E736F4-A0DE-47DC-8653-3DB24627709C}
		{81087A07-7DDD-4A0A-8238-9FB0E3EC9A41} = {70E736F4-A0DE-47DC-8653-3DB24627709C}
		{8E716640-0EBB-4D9F-95E2-6E8D9D587104} = {4E606032-2B65-417B-A2F8-EA035F09F938}
		{6E616A76-6DC9-453D-A3C9-B7DCAA4D7602} = {4E606032-2B65-417B-A2F8-EA035F09F938}
		{DDAF9F67-F5CA-4AF4-84DC-404FCD1EF58F} = {4E606032-2B65-417B-A2F8-EA035F09F938}
		{B897E540-4118-4F5E-8F8B-9069E4E2B519} = {4E606032-2B65-417B-A2F8-EA035F09F938}
		{71C71CC9-8939-4246-87A1-9053B8A931B1} = {70E736F4-A0DE-47DC-8653-3DB24627709C}
		{0A4C4162-5BFF-46E6-B099-0E33C489E528} = {70E736F4-A0DE-47DC-8653-3DB24627709C}
		{71CDFCB9-70AB-4B9E-BCED-06F8B266E9FD} = {5B09E073-47C9-4708-A160-354F9E32E611}
		{9CADB287-4877-4263-89F6-74AAF4D0B647} = {5B09E073-47C9-4708-A160-354F9E32E611}
		{703B7EA7-4900-4AAE-BDAC-6E090FCD061A} = {DE5EBE31-F8AA-4A5A-8941-CA81FA191C74}
	EndGlobalSection
	GlobalSection(ExtensibilityGlobals) = postSolution
		SolutionGuid = {B876B770-657E-4FDC-9C39-0651538EDA63}
	EndGlobalSection
EndGlobal
